PODS:
  - FBSnapshotTestCase (2.0.2):
    - FBSnapshotTestCase/SwiftSupport (= 2.0.2)
  - FBSnapshotTestCase/Core (2.0.2)
  - FBSnapshotTestCase/SwiftSupport (2.0.2):
    - FBSnapshotTestCase/Core

DEPENDENCIES:
  - FBSnapshotTestCase (from `..`)

EXTERNAL SOURCES:
  FBSnapshotTestCase:
    :path: ..

SPEC CHECKSUMS:
  FBSnapshotTestCase: 66f28741d8b0cb52befa989e7aaa087c5f08f101

COCOAPODS: 0.38.0
