PODS:
  - FBSnapshotTestCase (2.1.0):
    - FBSnapshotTestCase/SwiftSupport (= 2.1.0)
  - FBSnapshotTestCase/Core (2.1.0)
  - FBSnapshotTestCase/SwiftSupport (2.1.0):
    - FBSnapshotTestCase/Core

DEPENDENCIES:
  - FBSnapshotTestCase (from `..`)

EXTERNAL SOURCES:
  FBSnapshotTestCase:
    :path: ..

SPEC CHECKSUMS:
  FBSnapshotTestCase: 68c3221ddd3bf5bbe783c1015f8acc12c3768a4d

PODFILE CHECKSUM: f0c8c3073f8e31e4718d87d66744e7fa5953f5c4

COCOAPODS: 1.0.0
