<?xml version="1.0" encoding="UTF-8"?>
<!DOCTYPE plist PUBLIC "-//Apple//DTD PLIST 1.0//EN" "http://www.apple.com/DTDs/PropertyList-1.0.dtd">
<plist version="1.0">
<dict>
	<key>archiveVersion</key>
	<string>1</string>
	<key>classes</key>
	<dict/>
	<key>objectVersion</key>
	<string>46</string>
	<key>objects</key>
	<dict>
		<key>0581D74438F8BD53B6153FDB</key>
		<dict>
			<key>buildActionMask</key>
			<string>2147483647</string>
			<key>files</key>
			<array/>
			<key>inputPaths</key>
			<array/>
			<key>isa</key>
			<string>PBXShellScriptBuildPhase</string>
			<key>name</key>
			<string>Embed Pods Frameworks</string>
			<key>outputPaths</key>
			<array/>
			<key>runOnlyForDeploymentPostprocessing</key>
			<string>0</string>
			<key>shellPath</key>
			<string>/bin/sh</string>
			<key>shellScript</key>
			<string>"${SRCROOT}/Pods/Target Support Files/Pods-FBSnapshotTestCase tvOS Tests/Pods-FBSnapshotTestCase tvOS Tests-frameworks.sh"
</string>
			<key>showEnvVarsInLog</key>
			<string>0</string>
		</dict>
		<key>0C4EB9B8873F349AB212910D</key>
		<dict>
			<key>children</key>
			<array>
				<string>75FD8F1B2EF599C926BA3074</string>
				<string>5450E2C64C1B6536133496C7</string>
			</array>
			<key>isa</key>
			<string>PBXGroup</string>
			<key>name</key>
			<string>Frameworks</string>
			<key>sourceTree</key>
			<string>&lt;group&gt;</string>
		</dict>
		<key>1335640F1B59C3F500A4E4BF</key>
		<dict>
			<key>children</key>
			<array>
				<string>133564101B59C3F500A4E4BF</string>
				<string>133564111B59C3F500A4E4BF</string>
				<string>133564121B59C3F500A4E4BF</string>
				<string>133564131B59C3F500A4E4BF</string>
				<string>133564141B59C3F500A4E4BF</string>
				<string>133564151B59C3F500A4E4BF</string>
				<string>BC45D51F1C2AEFCE007C72F3</string>
				<string>BC45D5201C2AEFCE007C72F3</string>
			</array>
			<key>isa</key>
			<string>PBXGroup</string>
			<key>path</key>
			<string>Categories</string>
			<key>sourceTree</key>
			<string>&lt;group&gt;</string>
		</dict>
		<key>133564101B59C3F500A4E4BF</key>
		<dict>
			<key>fileEncoding</key>
			<string>4</string>
			<key>isa</key>
			<string>PBXFileReference</string>
			<key>lastKnownFileType</key>
			<string>sourcecode.c.h</string>
			<key>path</key>
			<string>UIImage+Compare.h</string>
			<key>sourceTree</key>
			<string>&lt;group&gt;</string>
		</dict>
		<key>133564111B59C3F500A4E4BF</key>
		<dict>
			<key>fileEncoding</key>
			<string>4</string>
			<key>isa</key>
			<string>PBXFileReference</string>
			<key>lastKnownFileType</key>
			<string>sourcecode.c.objc</string>
			<key>path</key>
			<string>UIImage+Compare.m</string>
			<key>sourceTree</key>
			<string>&lt;group&gt;</string>
		</dict>
		<key>133564121B59C3F500A4E4BF</key>
		<dict>
			<key>fileEncoding</key>
			<string>4</string>
			<key>isa</key>
			<string>PBXFileReference</string>
			<key>lastKnownFileType</key>
			<string>sourcecode.c.h</string>
			<key>path</key>
			<string>UIImage+Diff.h</string>
			<key>sourceTree</key>
			<string>&lt;group&gt;</string>
		</dict>
		<key>133564131B59C3F500A4E4BF</key>
		<dict>
			<key>fileEncoding</key>
			<string>4</string>
			<key>isa</key>
			<string>PBXFileReference</string>
			<key>lastKnownFileType</key>
			<string>sourcecode.c.objc</string>
			<key>path</key>
			<string>UIImage+Diff.m</string>
			<key>sourceTree</key>
			<string>&lt;group&gt;</string>
		</dict>
		<key>133564141B59C3F500A4E4BF</key>
		<dict>
			<key>fileEncoding</key>
			<string>4</string>
			<key>isa</key>
			<string>PBXFileReference</string>
			<key>lastKnownFileType</key>
			<string>sourcecode.c.h</string>
			<key>path</key>
			<string>UIImage+Snapshot.h</string>
			<key>sourceTree</key>
			<string>&lt;group&gt;</string>
		</dict>
		<key>133564151B59C3F500A4E4BF</key>
		<dict>
			<key>fileEncoding</key>
			<string>4</string>
			<key>isa</key>
			<string>PBXFileReference</string>
			<key>lastKnownFileType</key>
			<string>sourcecode.c.objc</string>
			<key>path</key>
			<string>UIImage+Snapshot.m</string>
			<key>sourceTree</key>
			<string>&lt;group&gt;</string>
		</dict>
		<key>133564161B59C3F500A4E4BF</key>
		<dict>
			<key>fileRef</key>
			<string>133564101B59C3F500A4E4BF</string>
			<key>isa</key>
			<string>PBXBuildFile</string>
		</dict>
		<key>133564171B59C3F500A4E4BF</key>
		<dict>
			<key>fileRef</key>
			<string>133564111B59C3F500A4E4BF</string>
			<key>isa</key>
			<string>PBXBuildFile</string>
		</dict>
		<key>133564181B59C3F500A4E4BF</key>
		<dict>
			<key>fileRef</key>
			<string>133564121B59C3F500A4E4BF</string>
			<key>isa</key>
			<string>PBXBuildFile</string>
		</dict>
		<key>133564191B59C3F500A4E4BF</key>
		<dict>
			<key>fileRef</key>
			<string>133564131B59C3F500A4E4BF</string>
			<key>isa</key>
			<string>PBXBuildFile</string>
		</dict>
		<key>1335641A1B59C3F500A4E4BF</key>
		<dict>
			<key>fileRef</key>
			<string>133564141B59C3F500A4E4BF</string>
			<key>isa</key>
			<string>PBXBuildFile</string>
		</dict>
		<key>1335641B1B59C3F500A4E4BF</key>
		<dict>
			<key>fileRef</key>
			<string>133564151B59C3F500A4E4BF</string>
			<key>isa</key>
			<string>PBXBuildFile</string>
		</dict>
		<key>13CBB39B1AEE013900B6ADBA</key>
		<dict>
			<key>fileEncoding</key>
			<string>4</string>
			<key>isa</key>
			<string>PBXFileReference</string>
			<key>lastKnownFileType</key>
			<string>sourcecode.c.h</string>
			<key>path</key>
			<string>FBSnapshotTestCasePlatform.h</string>
			<key>sourceTree</key>
			<string>&lt;group&gt;</string>
		</dict>
		<key>13CBB39C1AEE013900B6ADBA</key>
		<dict>
			<key>fileEncoding</key>
			<string>4</string>
			<key>isa</key>
			<string>PBXFileReference</string>
			<key>lastKnownFileType</key>
			<string>sourcecode.c.objc</string>
			<key>path</key>
			<string>FBSnapshotTestCasePlatform.m</string>
			<key>sourceTree</key>
			<string>&lt;group&gt;</string>
		</dict>
		<key>13CBB39D1AEE013900B6ADBA</key>
		<dict>
			<key>fileRef</key>
			<string>13CBB39B1AEE013900B6ADBA</string>
			<key>isa</key>
			<string>PBXBuildFile</string>
			<key>settings</key>
			<dict>
				<key>ATTRIBUTES</key>
				<array>
					<string>Public</string>
				</array>
			</dict>
		</dict>
		<key>13CBB39E1AEE013900B6ADBA</key>
		<dict>
			<key>fileRef</key>
			<string>13CBB39C1AEE013900B6ADBA</string>
			<key>isa</key>
			<string>PBXBuildFile</string>
		</dict>
		<key>1B0837685B1F3B94683F9938</key>
		<dict>
			<key>buildActionMask</key>
			<string>2147483647</string>
			<key>files</key>
			<array/>
			<key>inputPaths</key>
			<array/>
			<key>isa</key>
			<string>PBXShellScriptBuildPhase</string>
			<key>name</key>
			<string>Copy Pods Resources</string>
			<key>outputPaths</key>
			<array/>
			<key>runOnlyForDeploymentPostprocessing</key>
			<string>0</string>
			<key>shellPath</key>
			<string>/bin/sh</string>
			<key>shellScript</key>
			<string>"${SRCROOT}/Pods/Target Support Files/Pods-FBSnapshotTestCase iOS Tests/Pods-FBSnapshotTestCase iOS Tests-resources.sh"
</string>
			<key>showEnvVarsInLog</key>
			<string>0</string>
		</dict>
		<key>1CFDF5C21FCDFC335D7EACEB</key>
		<dict>
			<key>includeInIndex</key>
			<string>1</string>
			<key>isa</key>
			<string>PBXFileReference</string>
			<key>lastKnownFileType</key>
			<string>text.xcconfig</string>
			<key>name</key>
			<string>Pods-FBSnapshotTestCase iOS Tests.debug.xcconfig</string>
			<key>path</key>
			<string>Pods/Target Support Files/Pods-FBSnapshotTestCase iOS Tests/Pods-FBSnapshotTestCase iOS Tests.debug.xcconfig</string>
			<key>sourceTree</key>
			<string>&lt;group&gt;</string>
		</dict>
		<key>224FC9EBBA19C2DF587E15AB</key>
		<dict>
			<key>fileRef</key>
			<string>5450E2C64C1B6536133496C7</string>
			<key>isa</key>
			<string>PBXBuildFile</string>
		</dict>
		<key>3E03742D7F0596171D21F0E9</key>
		<dict>
			<key>fileRef</key>
			<string>75FD8F1B2EF599C926BA3074</string>
			<key>isa</key>
			<string>PBXBuildFile</string>
		</dict>
		<key>5450E2C64C1B6536133496C7</key>
		<dict>
			<key>explicitFileType</key>
			<string>archive.ar</string>
			<key>includeInIndex</key>
			<string>0</string>
			<key>isa</key>
			<string>PBXFileReference</string>
			<key>path</key>
			<string>libPods-FBSnapshotTestCase tvOS Tests.a</string>
			<key>sourceTree</key>
			<string>BUILT_PRODUCTS_DIR</string>
		</dict>
		<key>6D935ECF1CDB609100E24C54</key>
		<dict>
			<key>fileEncoding</key>
			<string>4</string>
			<key>isa</key>
			<string>PBXFileReference</string>
			<key>lastKnownFileType</key>
			<string>sourcecode.c.h</string>
			<key>path</key>
			<string>FBSnapshotTestCaseAgnosticnessOption.h</string>
			<key>sourceTree</key>
			<string>&lt;group&gt;</string>
		</dict>
		<key>6D935ED11CDB609100E24C54</key>
		<dict>
			<key>fileRef</key>
			<string>6D935ECF1CDB609100E24C54</string>
			<key>isa</key>
			<string>PBXBuildFile</string>
			<key>settings</key>
			<dict>
				<key>ATTRIBUTES</key>
				<array>
					<string>Public</string>
				</array>
			</dict>
		</dict>
		<key>6D935ED21CDB609100E24C54</key>
		<dict>
			<key>fileRef</key>
			<string>6D935ECF1CDB609100E24C54</string>
			<key>isa</key>
			<string>PBXBuildFile</string>
			<key>settings</key>
			<dict>
				<key>ATTRIBUTES</key>
				<array>
					<string>Public</string>
				</array>
			</dict>
		</dict>
		<key>6D935ED51CDBDA6500E24C54</key>
		<dict>
			<key>fileEncoding</key>
			<string>4</string>
			<key>isa</key>
			<string>PBXFileReference</string>
			<key>lastKnownFileType</key>
			<string>sourcecode.c.objc</string>
			<key>path</key>
			<string>FBSnapshotTestCasePlatformTests.m</string>
			<key>sourceTree</key>
			<string>&lt;group&gt;</string>
		</dict>
		<key>6D935ED61CDBDA6500E24C54</key>
		<dict>
			<key>fileRef</key>
			<string>6D935ED51CDBDA6500E24C54</string>
			<key>isa</key>
			<string>PBXBuildFile</string>
		</dict>
		<key>6D935ED71CDBDA6500E24C54</key>
		<dict>
			<key>fileRef</key>
			<string>6D935ED51CDBDA6500E24C54</string>
			<key>isa</key>
			<string>PBXBuildFile</string>
		</dict>
		<key>75FD8F1B2EF599C926BA3074</key>
		<dict>
			<key>explicitFileType</key>
			<string>archive.ar</string>
			<key>includeInIndex</key>
			<string>0</string>
			<key>isa</key>
			<string>PBXFileReference</string>
			<key>path</key>
			<string>libPods-FBSnapshotTestCase iOS Tests.a</string>
			<key>sourceTree</key>
			<string>BUILT_PRODUCTS_DIR</string>
		</dict>
		<key>827137751C63AB6F00354E42</key>
		<dict>
			<key>buildActionMask</key>
			<string>2147483647</string>
			<key>files</key>
			<array>
				<string>827137961C63ABF400354E42</string>
				<string>8271379E1C63ABFD00354E42</string>
				<string>827137981C63ABF400354E42</string>
				<string>8271379D1C63ABFD00354E42</string>
				<string>8271379C1C63ABFD00354E42</string>
				<string>827137951C63ABF400354E42</string>
				<string>827137971C63ABF400354E42</string>
				<string>8271379F1C63AC0000354E42</string>
			</array>
			<key>isa</key>
			<string>PBXSourcesBuildPhase</string>
			<key>runOnlyForDeploymentPostprocessing</key>
			<string>0</string>
		</dict>
		<key>827137761C63AB6F00354E42</key>
		<dict>
			<key>buildActionMask</key>
			<string>2147483647</string>
			<key>files</key>
			<array/>
			<key>isa</key>
			<string>PBXFrameworksBuildPhase</string>
			<key>runOnlyForDeploymentPostprocessing</key>
			<string>0</string>
		</dict>
		<key>827137771C63AB6F00354E42</key>
		<dict>
			<key>buildActionMask</key>
			<string>2147483647</string>
			<key>files</key>
			<array>
				<string>827137941C63ABF000354E42</string>
				<string>8271379A1C63ABF900354E42</string>
				<string>6D935ED21CDB609100E24C54</string>
				<string>827137911C63ABE900354E42</string>
				<string>827137991C63ABF900354E42</string>
				<string>8271379B1C63ABF900354E42</string>
				<string>827137931C63ABF000354E42</string>
				<string>827137921C63ABF000354E42</string>
			</array>
			<key>isa</key>
			<string>PBXHeadersBuildPhase</string>
			<key>runOnlyForDeploymentPostprocessing</key>
			<string>0</string>
		</dict>
		<key>827137781C63AB6F00354E42</key>
		<dict>
			<key>buildActionMask</key>
			<string>2147483647</string>
			<key>files</key>
			<array/>
			<key>isa</key>
			<string>PBXResourcesBuildPhase</string>
			<key>runOnlyForDeploymentPostprocessing</key>
			<string>0</string>
		</dict>
		<key>827137791C63AB6F00354E42</key>
		<dict>
			<key>buildConfigurationList</key>
			<string>8271378F1C63AB7000354E42</string>
			<key>buildPhases</key>
			<array>
				<string>827137751C63AB6F00354E42</string>
				<string>827137761C63AB6F00354E42</string>
				<string>827137771C63AB6F00354E42</string>
				<string>827137781C63AB6F00354E42</string>
			</array>
			<key>buildRules</key>
			<array/>
			<key>dependencies</key>
			<array/>
			<key>isa</key>
			<string>PBXNativeTarget</string>
			<key>name</key>
			<string>FBSnapshotTestCase tvOS</string>
			<key>productName</key>
			<string>FBSnapshotTestCase tvOS</string>
			<key>productReference</key>
			<string>8271377A1C63AB6F00354E42</string>
			<key>productType</key>
			<string>com.apple.product-type.framework</string>
		</dict>
		<key>8271377A1C63AB6F00354E42</key>
		<dict>
			<key>explicitFileType</key>
			<string>wrapper.framework</string>
			<key>includeInIndex</key>
			<string>0</string>
			<key>isa</key>
			<string>PBXFileReference</string>
			<key>path</key>
			<string>FBSnapshotTestCase.framework</string>
			<key>sourceTree</key>
			<string>BUILT_PRODUCTS_DIR</string>
		</dict>
		<key>8271377F1C63AB7000354E42</key>
		<dict>
			<key>buildActionMask</key>
			<string>2147483647</string>
			<key>files</key>
			<array>
				<string>6D935ED71CDBDA6500E24C54</string>
				<string>827137A41C63AC0F00354E42</string>
			</array>
			<key>isa</key>
			<string>PBXSourcesBuildPhase</string>
			<key>runOnlyForDeploymentPostprocessing</key>
			<string>0</string>
		</dict>
		<key>827137801C63AB7000354E42</key>
		<dict>
			<key>buildActionMask</key>
			<string>2147483647</string>
			<key>files</key>
			<array>
				<string>827137841C63AB7000354E42</string>
				<string>224FC9EBBA19C2DF587E15AB</string>
			</array>
			<key>isa</key>
			<string>PBXFrameworksBuildPhase</string>
			<key>runOnlyForDeploymentPostprocessing</key>
			<string>0</string>
		</dict>
		<key>827137811C63AB7000354E42</key>
		<dict>
			<key>buildActionMask</key>
			<string>2147483647</string>
			<key>files</key>
			<array>
				<string>B76C682A1C6BD6D500586E5B</string>
				<string>827137A01C63AC0700354E42</string>
				<string>827137A21C63AC0D00354E42</string>
				<string>827137A31C63AC0D00354E42</string>
				<string>827137A11C63AC0900354E42</string>
			</array>
			<key>isa</key>
			<string>PBXResourcesBuildPhase</string>
			<key>runOnlyForDeploymentPostprocessing</key>
			<string>0</string>
		</dict>
		<key>827137821C63AB7000354E42</key>
		<dict>
			<key>buildConfigurationList</key>
			<string>827137901C63AB7000354E42</string>
			<key>buildPhases</key>
			<array>
				<string>C27D2E47DEDBC31B2E987545</string>
				<string>8271377F1C63AB7000354E42</string>
				<string>827137801C63AB7000354E42</string>
				<string>827137811C63AB7000354E42</string>
				<string>0581D74438F8BD53B6153FDB</string>
				<string>BED5F6D02FAB0FF8E23F0C52</string>
			</array>
			<key>buildRules</key>
			<array/>
			<key>dependencies</key>
			<array>
				<string>827137861C63AB7000354E42</string>
			</array>
			<key>isa</key>
			<string>PBXNativeTarget</string>
			<key>name</key>
			<string>FBSnapshotTestCase tvOS Tests</string>
			<key>productName</key>
			<string>FBSnapshotTestCase tvOSTests</string>
			<key>productReference</key>
			<string>827137831C63AB7000354E42</string>
			<key>productType</key>
			<string>com.apple.product-type.bundle.unit-test</string>
		</dict>
		<key>827137831C63AB7000354E42</key>
		<dict>
			<key>explicitFileType</key>
			<string>wrapper.cfbundle</string>
			<key>includeInIndex</key>
			<string>0</string>
			<key>isa</key>
			<string>PBXFileReference</string>
			<key>path</key>
			<string>FBSnapshotTestCase tvOS Tests.xctest</string>
			<key>sourceTree</key>
			<string>BUILT_PRODUCTS_DIR</string>
		</dict>
		<key>827137841C63AB7000354E42</key>
		<dict>
			<key>fileRef</key>
			<string>8271377A1C63AB6F00354E42</string>
			<key>isa</key>
			<string>PBXBuildFile</string>
		</dict>
		<key>827137851C63AB7000354E42</key>
		<dict>
			<key>containerPortal</key>
			<string>B31987E71AB782D000B0A900</string>
			<key>isa</key>
			<string>PBXContainerItemProxy</string>
			<key>proxyType</key>
			<string>1</string>
			<key>remoteGlobalIDString</key>
			<string>827137791C63AB6F00354E42</string>
			<key>remoteInfo</key>
			<string>FBSnapshotTestCase tvOS</string>
		</dict>
		<key>827137861C63AB7000354E42</key>
		<dict>
			<key>isa</key>
			<string>PBXTargetDependency</string>
			<key>target</key>
			<string>827137791C63AB6F00354E42</string>
			<key>targetProxy</key>
			<string>827137851C63AB7000354E42</string>
		</dict>
		<key>8271378B1C63AB7000354E42</key>
		<dict>
			<key>buildSettings</key>
			<dict>
				<key>DEFINES_MODULE</key>
				<string>YES</string>
				<key>DYLIB_COMPATIBILITY_VERSION</key>
				<string>1</string>
				<key>DYLIB_CURRENT_VERSION</key>
				<string>1</string>
				<key>DYLIB_INSTALL_NAME_BASE</key>
				<string>@rpath</string>
				<key>EMBEDDED_CONTENT_CONTAINS_SWIFT</key>
				<string>YES</string>
				<key>FRAMEWORK_SEARCH_PATHS</key>
				<array>
					<string>$(PLATFORM_DIR)/Developer/Library/Frameworks</string>
					<string>$(inherited)</string>
				</array>
				<key>GCC_NO_COMMON_BLOCKS</key>
				<string>YES</string>
				<key>INFOPLIST_FILE</key>
				<string>$(SRCROOT)/FBSnapshotTestCase/FBSnapshotTestCase-Info.plist</string>
				<key>INSTALL_PATH</key>
				<string>$(LOCAL_LIBRARY_DIR)/Frameworks</string>
				<key>LD_RUNPATH_SEARCH_PATHS</key>
				<string>$(inherited) @executable_path/Frameworks @loader_path/Frameworks</string>
				<key>OTHER_LDFLAGS</key>
				<array>
					<string>$(inherited)</string>
					<string>-framework</string>
					<string>XCTest</string>
				</array>
				<key>PRODUCT_BUNDLE_IDENTIFIER</key>
				<string>com.facebook.FBSnapshotTestCase-tvOS</string>
				<key>PRODUCT_NAME</key>
				<string>FBSnapshotTestCase</string>
				<key>SDKROOT</key>
				<string>appletvos</string>
				<key>SKIP_INSTALL</key>
				<string>YES</string>
				<key>SWIFT_OPTIMIZATION_LEVEL</key>
				<string>-Onone</string>
				<key>TARGETED_DEVICE_FAMILY</key>
				<string>3</string>
				<key>TVOS_DEPLOYMENT_TARGET</key>
				<string>9.0</string>
			</dict>
			<key>isa</key>
			<string>XCBuildConfiguration</string>
			<key>name</key>
			<string>Debug</string>
		</dict>
		<key>8271378C1C63AB7000354E42</key>
		<dict>
			<key>buildSettings</key>
			<dict>
				<key>DEFINES_MODULE</key>
				<string>YES</string>
				<key>DYLIB_COMPATIBILITY_VERSION</key>
				<string>1</string>
				<key>DYLIB_CURRENT_VERSION</key>
				<string>1</string>
				<key>DYLIB_INSTALL_NAME_BASE</key>
				<string>@rpath</string>
				<key>EMBEDDED_CONTENT_CONTAINS_SWIFT</key>
				<string>YES</string>
				<key>FRAMEWORK_SEARCH_PATHS</key>
				<array>
					<string>$(PLATFORM_DIR)/Developer/Library/Frameworks</string>
					<string>$(inherited)</string>
				</array>
				<key>GCC_NO_COMMON_BLOCKS</key>
				<string>YES</string>
				<key>INFOPLIST_FILE</key>
				<string>$(SRCROOT)/FBSnapshotTestCase/FBSnapshotTestCase-Info.plist</string>
				<key>INSTALL_PATH</key>
				<string>$(LOCAL_LIBRARY_DIR)/Frameworks</string>
				<key>LD_RUNPATH_SEARCH_PATHS</key>
				<string>$(inherited) @executable_path/Frameworks @loader_path/Frameworks</string>
				<key>OTHER_LDFLAGS</key>
				<array>
					<string>$(inherited)</string>
					<string>-framework</string>
					<string>XCTest</string>
				</array>
				<key>PRODUCT_BUNDLE_IDENTIFIER</key>
				<string>com.facebook.FBSnapshotTestCase-tvOS</string>
				<key>PRODUCT_NAME</key>
				<string>FBSnapshotTestCase</string>
				<key>SDKROOT</key>
				<string>appletvos</string>
				<key>SKIP_INSTALL</key>
				<string>YES</string>
				<key>TARGETED_DEVICE_FAMILY</key>
				<string>3</string>
				<key>TVOS_DEPLOYMENT_TARGET</key>
				<string>9.0</string>
			</dict>
			<key>isa</key>
			<string>XCBuildConfiguration</string>
			<key>name</key>
			<string>Release</string>
		</dict>
		<key>8271378D1C63AB7000354E42</key>
		<dict>
			<key>baseConfigurationReference</key>
			<string>D1F58ECB6BC974D4F96EA62C</string>
			<key>buildSettings</key>
			<dict>
				<key>DEBUG_INFORMATION_FORMAT</key>
				<string>dwarf</string>
				<key>GCC_NO_COMMON_BLOCKS</key>
				<string>YES</string>
				<key>INFOPLIST_FILE</key>
				<string>FBSnapshotTestCaseTests/FBSnapshotTestCaseTests-Info.plist</string>
				<key>LD_RUNPATH_SEARCH_PATHS</key>
				<string>$(inherited) @executable_path/Frameworks @loader_path/Frameworks</string>
				<key>PRODUCT_BUNDLE_IDENTIFIER</key>
				<string>com.facebook.FBSnapshotTestCase-tvOSTests</string>
				<key>PRODUCT_NAME</key>
				<string>$(TARGET_NAME)</string>
				<key>SDKROOT</key>
				<string>appletvos</string>
				<key>SWIFT_OPTIMIZATION_LEVEL</key>
				<string>-Onone</string>
				<key>TVOS_DEPLOYMENT_TARGET</key>
				<string>9.1</string>
			</dict>
			<key>isa</key>
			<string>XCBuildConfiguration</string>
			<key>name</key>
			<string>Debug</string>
		</dict>
		<key>8271378E1C63AB7000354E42</key>
		<dict>
			<key>baseConfigurationReference</key>
			<string>96EC86FCE79CCB1C6E3AF7E7</string>
			<key>buildSettings</key>
			<dict>
				<key>COPY_PHASE_STRIP</key>
				<string>NO</string>
				<key>DEBUG_INFORMATION_FORMAT</key>
				<string>dwarf-with-dsym</string>
				<key>GCC_NO_COMMON_BLOCKS</key>
				<string>YES</string>
				<key>INFOPLIST_FILE</key>
				<string>FBSnapshotTestCaseTests/FBSnapshotTestCaseTests-Info.plist</string>
				<key>LD_RUNPATH_SEARCH_PATHS</key>
				<string>$(inherited) @executable_path/Frameworks @loader_path/Frameworks</string>
				<key>PRODUCT_BUNDLE_IDENTIFIER</key>
				<string>com.facebook.FBSnapshotTestCase-tvOSTests</string>
				<key>PRODUCT_NAME</key>
				<string>$(TARGET_NAME)</string>
				<key>SDKROOT</key>
				<string>appletvos</string>
				<key>TVOS_DEPLOYMENT_TARGET</key>
				<string>9.1</string>
			</dict>
			<key>isa</key>
			<string>XCBuildConfiguration</string>
			<key>name</key>
			<string>Release</string>
		</dict>
		<key>8271378F1C63AB7000354E42</key>
		<dict>
			<key>buildConfigurations</key>
			<array>
				<string>8271378B1C63AB7000354E42</string>
				<string>8271378C1C63AB7000354E42</string>
			</array>
			<key>defaultConfigurationIsVisible</key>
			<string>0</string>
			<key>defaultConfigurationName</key>
			<string>Release</string>
			<key>isa</key>
			<string>XCConfigurationList</string>
		</dict>
		<key>827137901C63AB7000354E42</key>
		<dict>
			<key>buildConfigurations</key>
			<array>
				<string>8271378D1C63AB7000354E42</string>
				<string>8271378E1C63AB7000354E42</string>
			</array>
			<key>defaultConfigurationIsVisible</key>
			<string>0</string>
			<key>defaultConfigurationName</key>
			<string>Release</string>
			<key>isa</key>
			<string>XCConfigurationList</string>
		</dict>
		<key>827137911C63ABE900354E42</key>
		<dict>
			<key>fileRef</key>
			<string>133564101B59C3F500A4E4BF</string>
			<key>isa</key>
			<string>PBXBuildFile</string>
		</dict>
		<key>827137921C63ABF000354E42</key>
		<dict>
			<key>fileRef</key>
			<string>133564121B59C3F500A4E4BF</string>
			<key>isa</key>
			<string>PBXBuildFile</string>
		</dict>
		<key>827137931C63ABF000354E42</key>
		<dict>
			<key>fileRef</key>
			<string>133564141B59C3F500A4E4BF</string>
			<key>isa</key>
			<string>PBXBuildFile</string>
		</dict>
		<key>827137941C63ABF000354E42</key>
		<dict>
			<key>fileRef</key>
			<string>BC45D51F1C2AEFCE007C72F3</string>
			<key>isa</key>
			<string>PBXBuildFile</string>
		</dict>
		<key>827137951C63ABF400354E42</key>
		<dict>
			<key>fileRef</key>
			<string>133564111B59C3F500A4E4BF</string>
			<key>isa</key>
			<string>PBXBuildFile</string>
		</dict>
		<key>827137961C63ABF400354E42</key>
		<dict>
			<key>fileRef</key>
			<string>133564131B59C3F500A4E4BF</string>
			<key>isa</key>
			<string>PBXBuildFile</string>
		</dict>
		<key>827137971C63ABF400354E42</key>
		<dict>
			<key>fileRef</key>
			<string>133564151B59C3F500A4E4BF</string>
			<key>isa</key>
			<string>PBXBuildFile</string>
		</dict>
		<key>827137981C63ABF400354E42</key>
		<dict>
			<key>fileRef</key>
			<string>BC45D5201C2AEFCE007C72F3</string>
			<key>isa</key>
			<string>PBXBuildFile</string>
		</dict>
		<key>827137991C63ABF900354E42</key>
		<dict>
			<key>fileRef</key>
			<string>B31988201AB7849400B0A900</string>
			<key>isa</key>
			<string>PBXBuildFile</string>
			<key>settings</key>
			<dict>
				<key>ATTRIBUTES</key>
				<array>
					<string>Public</string>
				</array>
			</dict>
		</dict>
		<key>8271379A1C63ABF900354E42</key>
		<dict>
			<key>fileRef</key>
			<string>13CBB39B1AEE013900B6ADBA</string>
			<key>isa</key>
			<string>PBXBuildFile</string>
			<key>settings</key>
			<dict>
				<key>ATTRIBUTES</key>
				<array>
					<string>Public</string>
				</array>
			</dict>
		</dict>
		<key>8271379B1C63ABF900354E42</key>
		<dict>
			<key>fileRef</key>
			<string>B31988221AB7849400B0A900</string>
			<key>isa</key>
			<string>PBXBuildFile</string>
			<key>settings</key>
			<dict>
				<key>ATTRIBUTES</key>
				<array>
					<string>Public</string>
				</array>
			</dict>
		</dict>
		<key>8271379C1C63ABFD00354E42</key>
		<dict>
			<key>fileRef</key>
			<string>B31988211AB7849400B0A900</string>
			<key>isa</key>
			<string>PBXBuildFile</string>
		</dict>
		<key>8271379D1C63ABFD00354E42</key>
		<dict>
			<key>fileRef</key>
			<string>13CBB39C1AEE013900B6ADBA</string>
			<key>isa</key>
			<string>PBXBuildFile</string>
		</dict>
		<key>8271379E1C63ABFD00354E42</key>
		<dict>
			<key>fileRef</key>
			<string>B31988231AB7849400B0A900</string>
			<key>isa</key>
			<string>PBXBuildFile</string>
		</dict>
		<key>8271379F1C63AC0000354E42</key>
		<dict>
			<key>fileRef</key>
			<string>F0D698F41B204E120005CAC9</string>
			<key>isa</key>
			<string>PBXBuildFile</string>
		</dict>
		<key>827137A01C63AC0700354E42</key>
		<dict>
			<key>fileRef</key>
			<string>E5C2CD611B1F399A00669887</string>
			<key>isa</key>
			<string>PBXBuildFile</string>
		</dict>
		<key>827137A11C63AC0900354E42</key>
		<dict>
			<key>fileRef</key>
			<string>B32447D91AB78B5E00B1D6FF</string>
			<key>isa</key>
			<string>PBXBuildFile</string>
		</dict>
		<key>827137A21C63AC0D00354E42</key>
		<dict>
			<key>fileRef</key>
			<string>B32447DA1AB78B5E00B1D6FF</string>
			<key>isa</key>
			<string>PBXBuildFile</string>
		</dict>
		<key>827137A31C63AC0D00354E42</key>
		<dict>
			<key>fileRef</key>
			<string>B32447DB1AB78B5E00B1D6FF</string>
			<key>isa</key>
			<string>PBXBuildFile</string>
		</dict>
		<key>827137A41C63AC0F00354E42</key>
		<dict>
			<key>fileRef</key>
			<string>B31988301AB784CB00B0A900</string>
			<key>isa</key>
			<string>PBXBuildFile</string>
		</dict>
		<key>8E4C15C2EA64A725576E773B</key>
		<dict>
			<key>buildActionMask</key>
			<string>2147483647</string>
			<key>files</key>
			<array/>
			<key>inputPaths</key>
			<array/>
			<key>isa</key>
			<string>PBXShellScriptBuildPhase</string>
			<key>name</key>
			<string>Embed Pods Frameworks</string>
			<key>outputPaths</key>
			<array/>
			<key>runOnlyForDeploymentPostprocessing</key>
			<string>0</string>
			<key>shellPath</key>
			<string>/bin/sh</string>
			<key>shellScript</key>
			<string>"${SRCROOT}/Pods/Target Support Files/Pods-FBSnapshotTestCase iOS Tests/Pods-FBSnapshotTestCase iOS Tests-frameworks.sh"
</string>
			<key>showEnvVarsInLog</key>
			<string>0</string>
		</dict>
		<key>96EC86FCE79CCB1C6E3AF7E7</key>
		<dict>
			<key>includeInIndex</key>
			<string>1</string>
			<key>isa</key>
			<string>PBXFileReference</string>
			<key>lastKnownFileType</key>
			<string>text.xcconfig</string>
			<key>name</key>
			<string>Pods-FBSnapshotTestCase tvOS Tests.release.xcconfig</string>
			<key>path</key>
			<string>Pods/Target Support Files/Pods-FBSnapshotTestCase tvOS Tests/Pods-FBSnapshotTestCase tvOS Tests.release.xcconfig</string>
			<key>sourceTree</key>
			<string>&lt;group&gt;</string>
		</dict>
		<key>B31987E61AB782D000B0A900</key>
		<dict>
			<key>children</key>
			<array>
				<string>B31987F21AB782D000B0A900</string>
				<string>B31987FF1AB782D100B0A900</string>
				<string>B31987F11AB782D000B0A900</string>
				<string>EC739ADF10E3FE2EAC5B0DF6</string>
				<string>0C4EB9B8873F349AB212910D</string>
			</array>
			<key>indentWidth</key>
			<string>2</string>
			<key>isa</key>
			<string>PBXGroup</string>
			<key>sourceTree</key>
			<string>&lt;group&gt;</string>
			<key>tabWidth</key>
			<string>2</string>
		</dict>
		<key>B31987E71AB782D000B0A900</key>
		<dict>
			<key>attributes</key>
			<dict>
				<key>LastSwiftMigration</key>
				<string>0700</string>
				<key>LastSwiftUpdateCheck</key>
				<string>0720</string>
				<key>LastUpgradeCheck</key>
				<string>0700</string>
				<key>ORGANIZATIONNAME</key>
				<string>Facebook</string>
				<key>TargetAttributes</key>
				<dict>
					<key>827137791C63AB6F00354E42</key>
					<dict>
						<key>CreatedOnToolsVersion</key>
						<string>7.2</string>
					</dict>
					<key>827137821C63AB7000354E42</key>
					<dict>
						<key>CreatedOnToolsVersion</key>
						<string>7.2</string>
					</dict>
					<key>B31987EF1AB782D000B0A900</key>
					<dict>
						<key>CreatedOnToolsVersion</key>
						<string>6.1.1</string>
					</dict>
					<key>B31987FA1AB782D100B0A900</key>
					<dict>
						<key>CreatedOnToolsVersion</key>
						<string>6.1.1</string>
					</dict>
				</dict>
			</dict>
			<key>buildConfigurationList</key>
			<string>B31987EA1AB782D000B0A900</string>
			<key>compatibilityVersion</key>
			<string>Xcode 3.2</string>
			<key>developmentRegion</key>
			<string>English</string>
			<key>hasScannedForEncodings</key>
			<string>0</string>
			<key>isa</key>
			<string>PBXProject</string>
			<key>knownRegions</key>
			<array>
				<string>en</string>
			</array>
			<key>mainGroup</key>
			<string>B31987E61AB782D000B0A900</string>
			<key>productRefGroup</key>
			<string>B31987F11AB782D000B0A900</string>
			<key>projectDirPath</key>
			<string></string>
			<key>projectReferences</key>
			<array/>
			<key>projectRoot</key>
			<string></string>
			<key>targets</key>
			<array>
				<string>B31987EF1AB782D000B0A900</string>
				<string>B31987FA1AB782D100B0A900</string>
				<string>827137791C63AB6F00354E42</string>
				<string>827137821C63AB7000354E42</string>
			</array>
		</dict>
		<key>B31987EA1AB782D000B0A900</key>
		<dict>
			<key>buildConfigurations</key>
			<array>
				<string>B31988041AB782D100B0A900</string>
				<string>B31988051AB782D100B0A900</string>
			</array>
			<key>defaultConfigurationIsVisible</key>
			<string>0</string>
			<key>defaultConfigurationName</key>
			<string>Release</string>
			<key>isa</key>
			<string>XCConfigurationList</string>
		</dict>
		<key>B31987EB1AB782D000B0A900</key>
		<dict>
			<key>buildActionMask</key>
			<string>2147483647</string>
			<key>files</key>
			<array>
				<string>133564171B59C3F500A4E4BF</string>
				<string>BC45D5221C2AEFCE007C72F3</string>
				<string>B31988291AB7849400B0A900</string>
				<string>133564191B59C3F500A4E4BF</string>
				<string>1335641B1B59C3F500A4E4BF</string>
				<string>B319882B1AB7849400B0A900</string>
				<string>F0D698F51B204E120005CAC9</string>
				<string>13CBB39E1AEE013900B6ADBA</string>
			</array>
			<key>isa</key>
			<string>PBXSourcesBuildPhase</string>
			<key>runOnlyForDeploymentPostprocessing</key>
			<string>0</string>
		</dict>
		<key>B31987EC1AB782D000B0A900</key>
		<dict>
			<key>buildActionMask</key>
			<string>2147483647</string>
			<key>files</key>
			<array/>
			<key>isa</key>
			<string>PBXFrameworksBuildPhase</string>
			<key>runOnlyForDeploymentPostprocessing</key>
			<string>0</string>
		</dict>
		<key>B31987ED1AB782D000B0A900</key>
		<dict>
			<key>buildActionMask</key>
			<string>2147483647</string>
			<key>files</key>
			<array>
				<string>BC45D5211C2AEFCE007C72F3</string>
				<string>B31988281AB7849400B0A900</string>
				<string>6D935ED11CDB609100E24C54</string>
				<string>13CBB39D1AEE013900B6ADBA</string>
				<string>B319882A1AB7849400B0A900</string>
				<string>133564181B59C3F500A4E4BF</string>
				<string>133564161B59C3F500A4E4BF</string>
				<string>1335641A1B59C3F500A4E4BF</string>
			</array>
			<key>isa</key>
			<string>PBXHeadersBuildPhase</string>
			<key>runOnlyForDeploymentPostprocessing</key>
			<string>0</string>
		</dict>
		<key>B31987EE1AB782D000B0A900</key>
		<dict>
			<key>buildActionMask</key>
			<string>2147483647</string>
			<key>files</key>
			<array/>
			<key>isa</key>
			<string>PBXResourcesBuildPhase</string>
			<key>runOnlyForDeploymentPostprocessing</key>
			<string>0</string>
		</dict>
		<key>B31987EF1AB782D000B0A900</key>
		<dict>
			<key>buildConfigurationList</key>
			<string>B31988061AB782D100B0A900</string>
			<key>buildPhases</key>
			<array>
				<string>B31987EB1AB782D000B0A900</string>
				<string>B31987EC1AB782D000B0A900</string>
				<string>B31987ED1AB782D000B0A900</string>
				<string>B31987EE1AB782D000B0A900</string>
			</array>
			<key>buildRules</key>
			<array/>
			<key>dependencies</key>
			<array/>
			<key>isa</key>
			<string>PBXNativeTarget</string>
			<key>name</key>
			<string>FBSnapshotTestCase iOS</string>
			<key>productName</key>
			<string>FBSnapshotTestCase</string>
			<key>productReference</key>
			<string>B31987F01AB782D000B0A900</string>
			<key>productType</key>
			<string>com.apple.product-type.framework</string>
		</dict>
		<key>B31987F01AB782D000B0A900</key>
		<dict>
			<key>explicitFileType</key>
			<string>wrapper.framework</string>
			<key>includeInIndex</key>
			<string>0</string>
			<key>isa</key>
			<string>PBXFileReference</string>
			<key>path</key>
			<string>FBSnapshotTestCase.framework</string>
			<key>sourceTree</key>
			<string>BUILT_PRODUCTS_DIR</string>
		</dict>
		<key>B31987F11AB782D000B0A900</key>
		<dict>
			<key>children</key>
			<array>
				<string>B31987F01AB782D000B0A900</string>
				<string>B31987FB1AB782D100B0A900</string>
				<string>8271377A1C63AB6F00354E42</string>
				<string>827137831C63AB7000354E42</string>
			</array>
			<key>isa</key>
			<string>PBXGroup</string>
			<key>name</key>
			<string>Products</string>
			<key>sourceTree</key>
			<string>&lt;group&gt;</string>
		</dict>
		<key>B31987F21AB782D000B0A900</key>
		<dict>
			<key>children</key>
			<array>
				<string>1335640F1B59C3F500A4E4BF</string>
				<string>B31988201AB7849400B0A900</string>
				<string>B31988211AB7849400B0A900</string>
				<string>13CBB39B1AEE013900B6ADBA</string>
				<string>13CBB39C1AEE013900B6ADBA</string>
				<string>B31988221AB7849400B0A900</string>
				<string>B31988231AB7849400B0A900</string>
				<string>6D935ECF1CDB609100E24C54</string>
				<string>F0D698F41B204E120005CAC9</string>
				<string>B31987F31AB782D000B0A900</string>
			</array>
			<key>isa</key>
			<string>PBXGroup</string>
			<key>name</key>
			<string>Sources</string>
			<key>path</key>
			<string>FBSnapshotTestCase</string>
			<key>sourceTree</key>
			<string>&lt;group&gt;</string>
		</dict>
		<key>B31987F31AB782D000B0A900</key>
		<dict>
			<key>children</key>
			<array>
				<string>B31987F41AB782D000B0A900</string>
			</array>
			<key>isa</key>
			<string>PBXGroup</string>
			<key>name</key>
			<string>Supporting Files</string>
			<key>sourceTree</key>
			<string>&lt;group&gt;</string>
		</dict>
		<key>B31987F41AB782D000B0A900</key>
		<dict>
			<key>isa</key>
			<string>PBXFileReference</string>
			<key>lastKnownFileType</key>
			<string>text.plist.xml</string>
			<key>path</key>
			<string>FBSnapshotTestCase-Info.plist</string>
			<key>sourceTree</key>
			<string>&lt;group&gt;</string>
		</dict>
		<key>B31987F71AB782D100B0A900</key>
		<dict>
			<key>buildActionMask</key>
			<string>2147483647</string>
			<key>files</key>
			<array>
				<string>6D935ED61CDBDA6500E24C54</string>
				<string>B31988311AB784CB00B0A900</string>
			</array>
			<key>isa</key>
			<string>PBXSourcesBuildPhase</string>
			<key>runOnlyForDeploymentPostprocessing</key>
			<string>0</string>
		</dict>
		<key>B31987F81AB782D100B0A900</key>
		<dict>
			<key>buildActionMask</key>
			<string>2147483647</string>
			<key>files</key>
			<array>
				<string>B31987FC1AB782D100B0A900</string>
				<string>3E03742D7F0596171D21F0E9</string>
			</array>
			<key>isa</key>
			<string>PBXFrameworksBuildPhase</string>
			<key>runOnlyForDeploymentPostprocessing</key>
			<string>0</string>
		</dict>
		<key>B31987F91AB782D100B0A900</key>
		<dict>
			<key>buildActionMask</key>
			<string>2147483647</string>
			<key>files</key>
			<array>
				<string>B76C68291C6BD6D200586E5B</string>
				<string>B32447DC1AB78B5E00B1D6FF</string>
				<string>E5C2CD621B1F399A00669887</string>
				<string>B32447DE1AB78B5E00B1D6FF</string>
				<string>B32447DD1AB78B5E00B1D6FF</string>
			</array>
			<key>isa</key>
			<string>PBXResourcesBuildPhase</string>
			<key>runOnlyForDeploymentPostprocessing</key>
			<string>0</string>
		</dict>
		<key>B31987FA1AB782D100B0A900</key>
		<dict>
			<key>buildConfigurationList</key>
			<string>B31988091AB782D100B0A900</string>
			<key>buildPhases</key>
			<array>
				<string>F57C92149A864CD4E711CA7A</string>
				<string>B31987F71AB782D100B0A900</string>
				<string>B31987F81AB782D100B0A900</string>
				<string>B31987F91AB782D100B0A900</string>
				<string>8E4C15C2EA64A725576E773B</string>
				<string>1B0837685B1F3B94683F9938</string>
			</array>
			<key>buildRules</key>
			<array/>
			<key>dependencies</key>
			<array>
				<string>B31987FE1AB782D100B0A900</string>
			</array>
			<key>isa</key>
			<string>PBXNativeTarget</string>
			<key>name</key>
			<string>FBSnapshotTestCase iOS Tests</string>
			<key>productName</key>
			<string>FBSnapshotTestCaseTests</string>
			<key>productReference</key>
			<string>B31987FB1AB782D100B0A900</string>
			<key>productType</key>
			<string>com.apple.product-type.bundle.unit-test</string>
		</dict>
		<key>B31987FB1AB782D100B0A900</key>
		<dict>
			<key>explicitFileType</key>
			<string>wrapper.cfbundle</string>
			<key>includeInIndex</key>
			<string>0</string>
			<key>isa</key>
			<string>PBXFileReference</string>
			<key>path</key>
			<string>FBSnapshotTestCase iOS Tests.xctest</string>
			<key>sourceTree</key>
			<string>BUILT_PRODUCTS_DIR</string>
		</dict>
		<key>B31987FC1AB782D100B0A900</key>
		<dict>
			<key>fileRef</key>
			<string>B31987F01AB782D000B0A900</string>
			<key>isa</key>
			<string>PBXBuildFile</string>
		</dict>
		<key>B31987FD1AB782D100B0A900</key>
		<dict>
			<key>containerPortal</key>
			<string>B31987E71AB782D000B0A900</string>
			<key>isa</key>
			<string>PBXContainerItemProxy</string>
			<key>proxyType</key>
			<string>1</string>
			<key>remoteGlobalIDString</key>
			<string>B31987EF1AB782D000B0A900</string>
			<key>remoteInfo</key>
			<string>FBSnapshotTestCase</string>
		</dict>
		<key>B31987FE1AB782D100B0A900</key>
		<dict>
			<key>isa</key>
			<string>PBXTargetDependency</string>
			<key>target</key>
			<string>B31987EF1AB782D000B0A900</string>
			<key>targetProxy</key>
			<string>B31987FD1AB782D100B0A900</string>
		</dict>
		<key>B31987FF1AB782D100B0A900</key>
		<dict>
			<key>children</key>
			<array>
				<string>B76C68271C6BD68100586E5B</string>
				<string>E5C2CD611B1F399A00669887</string>
				<string>B32447D91AB78B5E00B1D6FF</string>
				<string>B32447DA1AB78B5E00B1D6FF</string>
				<string>B32447DB1AB78B5E00B1D6FF</string>
				<string>B31988301AB784CB00B0A900</string>
				<string>6D935ED51CDBDA6500E24C54</string>
				<string>B31988001AB782D100B0A900</string>
			</array>
			<key>isa</key>
			<string>PBXGroup</string>
			<key>name</key>
			<string>Tests</string>
			<key>path</key>
			<string>FBSnapshotTestCaseTests</string>
			<key>sourceTree</key>
			<string>&lt;group&gt;</string>
		</dict>
		<key>B31988001AB782D100B0A900</key>
		<dict>
			<key>children</key>
			<array>
				<string>B31988011AB782D100B0A900</string>
			</array>
			<key>isa</key>
			<string>PBXGroup</string>
			<key>name</key>
			<string>Supporting Files</string>
			<key>sourceTree</key>
			<string>&lt;group&gt;</string>
		</dict>
		<key>B31988011AB782D100B0A900</key>
		<dict>
			<key>isa</key>
			<string>PBXFileReference</string>
			<key>lastKnownFileType</key>
			<string>text.plist.xml</string>
			<key>path</key>
			<string>FBSnapshotTestCaseTests-Info.plist</string>
			<key>sourceTree</key>
			<string>&lt;group&gt;</string>
		</dict>
		<key>B31988041AB782D100B0A900</key>
		<dict>
			<key>buildSettings</key>
			<dict>
				<key>ALWAYS_SEARCH_USER_PATHS</key>
				<string>NO</string>
				<key>CLANG_CXX_LANGUAGE_STANDARD</key>
				<string>gnu++0x</string>
				<key>CLANG_CXX_LIBRARY</key>
				<string>libc++</string>
				<key>CLANG_ENABLE_MODULES</key>
				<string>YES</string>
				<key>CLANG_ENABLE_OBJC_ARC</key>
				<string>YES</string>
				<key>CLANG_WARN_BOOL_CONVERSION</key>
				<string>YES</string>
				<key>CLANG_WARN_CONSTANT_CONVERSION</key>
				<string>YES</string>
				<key>CLANG_WARN_DIRECT_OBJC_ISA_USAGE</key>
				<string>YES_ERROR</string>
				<key>CLANG_WARN_EMPTY_BODY</key>
				<string>YES</string>
				<key>CLANG_WARN_ENUM_CONVERSION</key>
				<string>YES</string>
				<key>CLANG_WARN_INT_CONVERSION</key>
				<string>YES</string>
				<key>CLANG_WARN_OBJC_ROOT_CLASS</key>
				<string>YES_ERROR</string>
				<key>CLANG_WARN_UNREACHABLE_CODE</key>
				<string>YES</string>
				<key>CLANG_WARN__DUPLICATE_METHOD_MATCH</key>
				<string>YES</string>
				<key>CODE_SIGN_IDENTITY[sdk=iphoneos*]</key>
				<string>iPhone Developer</string>
				<key>COPY_PHASE_STRIP</key>
				<string>NO</string>
				<key>CURRENT_PROJECT_VERSION</key>
				<string>1</string>
				<key>ENABLE_STRICT_OBJC_MSGSEND</key>
				<string>YES</string>
				<key>ENABLE_TESTABILITY</key>
				<string>YES</string>
				<key>GCC_C_LANGUAGE_STANDARD</key>
				<string>gnu99</string>
				<key>GCC_DYNAMIC_NO_PIC</key>
				<string>NO</string>
				<key>GCC_OPTIMIZATION_LEVEL</key>
				<string>0</string>
				<key>GCC_PREPROCESSOR_DEFINITIONS</key>
				<array>
					<string>DEBUG=1</string>
					<string>$(inherited)</string>
				</array>
				<key>GCC_SYMBOLS_PRIVATE_EXTERN</key>
				<string>NO</string>
				<key>GCC_WARN_64_TO_32_BIT_CONVERSION</key>
				<string>YES</string>
				<key>GCC_WARN_ABOUT_RETURN_TYPE</key>
				<string>YES_ERROR</string>
				<key>GCC_WARN_UNDECLARED_SELECTOR</key>
				<string>YES</string>
				<key>GCC_WARN_UNINITIALIZED_AUTOS</key>
				<string>YES_AGGRESSIVE</string>
				<key>GCC_WARN_UNUSED_FUNCTION</key>
				<string>YES</string>
				<key>GCC_WARN_UNUSED_VARIABLE</key>
				<string>YES</string>
				<key>IPHONEOS_DEPLOYMENT_TARGET</key>
				<string>8.0</string>
				<key>MTL_ENABLE_DEBUG_INFO</key>
				<string>YES</string>
				<key>ONLY_ACTIVE_ARCH</key>
				<string>YES</string>
				<key>SDKROOT</key>
				<string>iphoneos</string>
				<key>TARGETED_DEVICE_FAMILY</key>
				<string>1,2</string>
				<key>VERSIONING_SYSTEM</key>
				<string>apple-generic</string>
				<key>VERSION_INFO_PREFIX</key>
				<string></string>
			</dict>
			<key>isa</key>
			<string>XCBuildConfiguration</string>
			<key>name</key>
			<string>Debug</string>
		</dict>
		<key>B31988051AB782D100B0A900</key>
		<dict>
			<key>buildSettings</key>
			<dict>
				<key>ALWAYS_SEARCH_USER_PATHS</key>
				<string>NO</string>
				<key>CLANG_CXX_LANGUAGE_STANDARD</key>
				<string>gnu++0x</string>
				<key>CLANG_CXX_LIBRARY</key>
				<string>libc++</string>
				<key>CLANG_ENABLE_MODULES</key>
				<string>YES</string>
				<key>CLANG_ENABLE_OBJC_ARC</key>
				<string>YES</string>
				<key>CLANG_WARN_BOOL_CONVERSION</key>
				<string>YES</string>
				<key>CLANG_WARN_CONSTANT_CONVERSION</key>
				<string>YES</string>
				<key>CLANG_WARN_DIRECT_OBJC_ISA_USAGE</key>
				<string>YES_ERROR</string>
				<key>CLANG_WARN_EMPTY_BODY</key>
				<string>YES</string>
				<key>CLANG_WARN_ENUM_CONVERSION</key>
				<string>YES</string>
				<key>CLANG_WARN_INT_CONVERSION</key>
				<string>YES</string>
				<key>CLANG_WARN_OBJC_ROOT_CLASS</key>
				<string>YES_ERROR</string>
				<key>CLANG_WARN_UNREACHABLE_CODE</key>
				<string>YES</string>
				<key>CLANG_WARN__DUPLICATE_METHOD_MATCH</key>
				<string>YES</string>
				<key>CODE_SIGN_IDENTITY[sdk=iphoneos*]</key>
				<string>iPhone Developer</string>
				<key>COPY_PHASE_STRIP</key>
				<string>YES</string>
				<key>CURRENT_PROJECT_VERSION</key>
				<string>1</string>
				<key>ENABLE_NS_ASSERTIONS</key>
				<string>NO</string>
				<key>ENABLE_STRICT_OBJC_MSGSEND</key>
				<string>YES</string>
				<key>GCC_C_LANGUAGE_STANDARD</key>
				<string>gnu99</string>
				<key>GCC_WARN_64_TO_32_BIT_CONVERSION</key>
				<string>YES</string>
				<key>GCC_WARN_ABOUT_RETURN_TYPE</key>
				<string>YES_ERROR</string>
				<key>GCC_WARN_UNDECLARED_SELECTOR</key>
				<string>YES</string>
				<key>GCC_WARN_UNINITIALIZED_AUTOS</key>
				<string>YES_AGGRESSIVE</string>
				<key>GCC_WARN_UNUSED_FUNCTION</key>
				<string>YES</string>
				<key>GCC_WARN_UNUSED_VARIABLE</key>
				<string>YES</string>
				<key>IPHONEOS_DEPLOYMENT_TARGET</key>
				<string>8.0</string>
				<key>MTL_ENABLE_DEBUG_INFO</key>
				<string>NO</string>
				<key>SDKROOT</key>
				<string>iphoneos</string>
				<key>TARGETED_DEVICE_FAMILY</key>
				<string>1,2</string>
				<key>VALIDATE_PRODUCT</key>
				<string>YES</string>
				<key>VERSIONING_SYSTEM</key>
				<string>apple-generic</string>
				<key>VERSION_INFO_PREFIX</key>
				<string></string>
			</dict>
			<key>isa</key>
			<string>XCBuildConfiguration</string>
			<key>name</key>
			<string>Release</string>
		</dict>
		<key>B31988061AB782D100B0A900</key>
		<dict>
			<key>buildConfigurations</key>
			<array>
				<string>B31988071AB782D100B0A900</string>
				<string>B31988081AB782D100B0A900</string>
			</array>
			<key>defaultConfigurationIsVisible</key>
			<string>0</string>
			<key>defaultConfigurationName</key>
			<string>Release</string>
			<key>isa</key>
			<string>XCConfigurationList</string>
		</dict>
		<key>B31988071AB782D100B0A900</key>
		<dict>
			<key>buildSettings</key>
			<dict>
				<key>DEFINES_MODULE</key>
				<string>YES</string>
				<key>DYLIB_COMPATIBILITY_VERSION</key>
				<string>1</string>
				<key>DYLIB_CURRENT_VERSION</key>
				<string>1</string>
				<key>DYLIB_INSTALL_NAME_BASE</key>
				<string>@rpath</string>
				<key>EMBEDDED_CONTENT_CONTAINS_SWIFT</key>
				<string>YES</string>
				<key>ENABLE_BITCODE</key>
				<string>NO</string>
				<key>FRAMEWORK_SEARCH_PATHS</key>
				<array>
					<string>$(PLATFORM_DIR)/Developer/Library/Frameworks</string>
					<string>$(inherited)</string>
				</array>
				<key>INFOPLIST_FILE</key>
				<string>FBSnapshotTestCase/FBSnapshotTestCase-Info.plist</string>
				<key>INSTALL_PATH</key>
				<string>$(LOCAL_LIBRARY_DIR)/Frameworks</string>
				<key>LD_RUNPATH_SEARCH_PATHS</key>
				<string>$(inherited) @executable_path/Frameworks @loader_path/Frameworks</string>
				<key>OTHER_LDFLAGS</key>
				<array>
					<string>$(inherited)</string>
					<string>-framework</string>
					<string>XCTest</string>
				</array>
				<key>PRODUCT_BUNDLE_IDENTIFIER</key>
				<string>com.facebook.FBSnapshotTestCase</string>
				<key>PRODUCT_NAME</key>
				<string>FBSnapshotTestCase</string>
				<key>SKIP_INSTALL</key>
				<string>YES</string>
			</dict>
			<key>isa</key>
			<string>XCBuildConfiguration</string>
			<key>name</key>
			<string>Debug</string>
		</dict>
		<key>B31988081AB782D100B0A900</key>
		<dict>
			<key>buildSettings</key>
			<dict>
				<key>DEFINES_MODULE</key>
				<string>YES</string>
				<key>DYLIB_COMPATIBILITY_VERSION</key>
				<string>1</string>
				<key>DYLIB_CURRENT_VERSION</key>
				<string>1</string>
				<key>DYLIB_INSTALL_NAME_BASE</key>
				<string>@rpath</string>
				<key>EMBEDDED_CONTENT_CONTAINS_SWIFT</key>
				<string>YES</string>
				<key>ENABLE_BITCODE</key>
				<string>NO</string>
				<key>FRAMEWORK_SEARCH_PATHS</key>
				<array>
					<string>$(PLATFORM_DIR)/Developer/Library/Frameworks</string>
					<string>$(inherited)</string>
				</array>
				<key>INFOPLIST_FILE</key>
				<string>FBSnapshotTestCase/FBSnapshotTestCase-Info.plist</string>
				<key>INSTALL_PATH</key>
				<string>$(LOCAL_LIBRARY_DIR)/Frameworks</string>
				<key>LD_RUNPATH_SEARCH_PATHS</key>
				<string>$(inherited) @executable_path/Frameworks @loader_path/Frameworks</string>
				<key>OTHER_LDFLAGS</key>
				<array>
					<string>$(inherited)</string>
					<string>-framework</string>
					<string>XCTest</string>
				</array>
				<key>PRODUCT_BUNDLE_IDENTIFIER</key>
				<string>com.facebook.FBSnapshotTestCase</string>
				<key>PRODUCT_NAME</key>
				<string>FBSnapshotTestCase</string>
				<key>SKIP_INSTALL</key>
				<string>YES</string>
			</dict>
			<key>isa</key>
			<string>XCBuildConfiguration</string>
			<key>name</key>
			<string>Release</string>
		</dict>
		<key>B31988091AB782D100B0A900</key>
		<dict>
			<key>buildConfigurations</key>
			<array>
				<string>B319880A1AB782D100B0A900</string>
				<string>B319880B1AB782D100B0A900</string>
			</array>
			<key>defaultConfigurationIsVisible</key>
			<string>0</string>
			<key>defaultConfigurationName</key>
			<string>Release</string>
			<key>isa</key>
			<string>XCConfigurationList</string>
		</dict>
		<key>B319880A1AB782D100B0A900</key>
		<dict>
			<key>baseConfigurationReference</key>
			<string>1CFDF5C21FCDFC335D7EACEB</string>
			<key>buildSettings</key>
			<dict>
				<key>FRAMEWORK_SEARCH_PATHS</key>
				<array>
					<string>$(inherited)</string>
					<string>$(PLATFORM_DIR)/Developer/Library/Frameworks</string>
				</array>
				<key>GCC_PREPROCESSOR_DEFINITIONS</key>
				<array>
					<string>DEBUG=1</string>
					<string>$(inherited)</string>
				</array>
				<key>INFOPLIST_FILE</key>
				<string>FBSnapshotTestCaseTests/FBSnapshotTestCaseTests-Info.plist</string>
				<key>LD_RUNPATH_SEARCH_PATHS</key>
				<string>$(inherited) @executable_path/Frameworks @loader_path/Frameworks</string>
				<key>PRODUCT_BUNDLE_IDENTIFIER</key>
				<string>com.facebook.$(PRODUCT_NAME:rfc1034identifier)</string>
				<key>PRODUCT_NAME</key>
				<string>$(TARGET_NAME)</string>
			</dict>
			<key>isa</key>
			<string>XCBuildConfiguration</string>
			<key>name</key>
			<string>Debug</string>
		</dict>
		<key>B319880B1AB782D100B0A900</key>
		<dict>
			<key>baseConfigurationReference</key>
			<string>E86729FA5E509466E447B947</string>
			<key>buildSettings</key>
			<dict>
				<key>FRAMEWORK_SEARCH_PATHS</key>
				<array>
					<string>$(inherited)</string>
					<string>$(PLATFORM_DIR)/Developer/Library/Frameworks</string>
				</array>
				<key>INFOPLIST_FILE</key>
				<string>FBSnapshotTestCaseTests/FBSnapshotTestCaseTests-Info.plist</string>
				<key>LD_RUNPATH_SEARCH_PATHS</key>
				<string>$(inherited) @executable_path/Frameworks @loader_path/Frameworks</string>
				<key>PRODUCT_BUNDLE_IDENTIFIER</key>
				<string>com.facebook.$(PRODUCT_NAME:rfc1034identifier)</string>
				<key>PRODUCT_NAME</key>
				<string>$(TARGET_NAME)</string>
			</dict>
			<key>isa</key>
			<string>XCBuildConfiguration</string>
			<key>name</key>
			<string>Release</string>
		</dict>
		<key>B31988201AB7849400B0A900</key>
		<dict>
			<key>fileEncoding</key>
			<string>4</string>
			<key>isa</key>
			<string>PBXFileReference</string>
			<key>lastKnownFileType</key>
			<string>sourcecode.c.h</string>
			<key>path</key>
			<string>FBSnapshotTestCase.h</string>
			<key>sourceTree</key>
			<string>&lt;group&gt;</string>
		</dict>
		<key>B31988211AB7849400B0A900</key>
		<dict>
			<key>fileEncoding</key>
			<string>4</string>
			<key>isa</key>
			<string>PBXFileReference</string>
			<key>lastKnownFileType</key>
			<string>sourcecode.c.objc</string>
			<key>path</key>
			<string>FBSnapshotTestCase.m</string>
			<key>sourceTree</key>
			<string>&lt;group&gt;</string>
		</dict>
		<key>B31988221AB7849400B0A900</key>
		<dict>
			<key>fileEncoding</key>
			<string>4</string>
			<key>isa</key>
			<string>PBXFileReference</string>
			<key>lastKnownFileType</key>
			<string>sourcecode.c.h</string>
			<key>path</key>
			<string>FBSnapshotTestController.h</string>
			<key>sourceTree</key>
			<string>&lt;group&gt;</string>
		</dict>
		<key>B31988231AB7849400B0A900</key>
		<dict>
			<key>fileEncoding</key>
			<string>4</string>
			<key>isa</key>
			<string>PBXFileReference</string>
			<key>lastKnownFileType</key>
			<string>sourcecode.c.objc</string>
			<key>path</key>
			<string>FBSnapshotTestController.m</string>
			<key>sourceTree</key>
			<string>&lt;group&gt;</string>
		</dict>
		<key>B31988281AB7849400B0A900</key>
		<dict>
			<key>fileRef</key>
			<string>B31988201AB7849400B0A900</string>
			<key>isa</key>
			<string>PBXBuildFile</string>
			<key>settings</key>
			<dict>
				<key>ATTRIBUTES</key>
				<array>
					<string>Public</string>
				</array>
			</dict>
		</dict>
		<key>B31988291AB7849400B0A900</key>
		<dict>
			<key>fileRef</key>
			<string>B31988211AB7849400B0A900</string>
			<key>isa</key>
			<string>PBXBuildFile</string>
		</dict>
		<key>B319882A1AB7849400B0A900</key>
		<dict>
			<key>fileRef</key>
			<string>B31988221AB7849400B0A900</string>
			<key>isa</key>
			<string>PBXBuildFile</string>
			<key>settings</key>
			<dict>
				<key>ATTRIBUTES</key>
				<array>
					<string>Public</string>
				</array>
			</dict>
		</dict>
		<key>B319882B1AB7849400B0A900</key>
		<dict>
			<key>fileRef</key>
			<string>B31988231AB7849400B0A900</string>
			<key>isa</key>
			<string>PBXBuildFile</string>
		</dict>
		<key>B31988301AB784CB00B0A900</key>
		<dict>
			<key>fileEncoding</key>
			<string>4</string>
			<key>isa</key>
			<string>PBXFileReference</string>
			<key>lastKnownFileType</key>
			<string>sourcecode.c.objc</string>
			<key>path</key>
			<string>FBSnapshotControllerTests.m</string>
			<key>sourceTree</key>
			<string>&lt;group&gt;</string>
		</dict>
		<key>B31988311AB784CB00B0A900</key>
		<dict>
			<key>fileRef</key>
			<string>B31988301AB784CB00B0A900</string>
			<key>isa</key>
			<string>PBXBuildFile</string>
		</dict>
		<key>B32447D91AB78B5E00B1D6FF</key>
		<dict>
			<key>isa</key>
			<string>PBXFileReference</string>
			<key>lastKnownFileType</key>
			<string>image.png</string>
			<key>path</key>
			<string>square_with_text.png</string>
			<key>sourceTree</key>
			<string>&lt;group&gt;</string>
		</dict>
		<key>B32447DA1AB78B5E00B1D6FF</key>
		<dict>
			<key>isa</key>
			<string>PBXFileReference</string>
			<key>lastKnownFileType</key>
			<string>image.png</string>
			<key>path</key>
			<string>square-copy.png</string>
			<key>sourceTree</key>
			<string>&lt;group&gt;</string>
		</dict>
		<key>B32447DB1AB78B5E00B1D6FF</key>
		<dict>
			<key>isa</key>
			<string>PBXFileReference</string>
			<key>lastKnownFileType</key>
			<string>image.png</string>
			<key>path</key>
			<string>square.png</string>
			<key>sourceTree</key>
			<string>&lt;group&gt;</string>
		</dict>
		<key>B32447DC1AB78B5E00B1D6FF</key>
		<dict>
			<key>fileRef</key>
			<string>B32447D91AB78B5E00B1D6FF</string>
			<key>isa</key>
			<string>PBXBuildFile</string>
		</dict>
		<key>B32447DD1AB78B5E00B1D6FF</key>
		<dict>
			<key>fileRef</key>
			<string>B32447DA1AB78B5E00B1D6FF</string>
			<key>isa</key>
			<string>PBXBuildFile</string>
		</dict>
		<key>B32447DE1AB78B5E00B1D6FF</key>
		<dict>
			<key>fileRef</key>
			<string>B32447DB1AB78B5E00B1D6FF</string>
			<key>isa</key>
			<string>PBXBuildFile</string>
		</dict>
		<key>B76C68271C6BD68100586E5B</key>
		<dict>
			<key>isa</key>
			<string>PBXFileReference</string>
			<key>lastKnownFileType</key>
			<string>image.png</string>
			<key>path</key>
			<string>rect.png</string>
			<key>sourceTree</key>
			<string>&lt;group&gt;</string>
		</dict>
		<key>B76C68291C6BD6D200586E5B</key>
		<dict>
			<key>fileRef</key>
			<string>B76C68271C6BD68100586E5B</string>
			<key>isa</key>
			<string>PBXBuildFile</string>
		</dict>
		<key>B76C682A1C6BD6D500586E5B</key>
		<dict>
			<key>fileRef</key>
			<string>B76C68271C6BD68100586E5B</string>
			<key>isa</key>
			<string>PBXBuildFile</string>
		</dict>
		<key>BC45D51F1C2AEFCE007C72F3</key>
		<dict>
			<key>fileEncoding</key>
			<string>4</string>
			<key>isa</key>
			<string>PBXFileReference</string>
			<key>lastKnownFileType</key>
			<string>sourcecode.c.h</string>
			<key>path</key>
			<string>UIApplication+StrictKeyWindow.h</string>
			<key>sourceTree</key>
			<string>&lt;group&gt;</string>
		</dict>
		<key>BC45D5201C2AEFCE007C72F3</key>
		<dict>
			<key>fileEncoding</key>
			<string>4</string>
			<key>isa</key>
			<string>PBXFileReference</string>
			<key>lastKnownFileType</key>
			<string>sourcecode.c.objc</string>
			<key>path</key>
			<string>UIApplication+StrictKeyWindow.m</string>
			<key>sourceTree</key>
			<string>&lt;group&gt;</string>
		</dict>
		<key>BC45D5211C2AEFCE007C72F3</key>
		<dict>
			<key>fileRef</key>
			<string>BC45D51F1C2AEFCE007C72F3</string>
			<key>isa</key>
			<string>PBXBuildFile</string>
		</dict>
		<key>BC45D5221C2AEFCE007C72F3</key>
		<dict>
			<key>fileRef</key>
			<string>BC45D5201C2AEFCE007C72F3</string>
			<key>isa</key>
			<string>PBXBuildFile</string>
		</dict>
		<key>BED5F6D02FAB0FF8E23F0C52</key>
		<dict>
			<key>buildActionMask</key>
			<string>2147483647</string>
			<key>files</key>
			<array/>
			<key>inputPaths</key>
			<array/>
			<key>isa</key>
			<string>PBXShellScriptBuildPhase</string>
			<key>name</key>
			<string>Copy Pods Resources</string>
			<key>outputPaths</key>
			<array/>
			<key>runOnlyForDeploymentPostprocessing</key>
			<string>0</string>
			<key>shellPath</key>
			<string>/bin/sh</string>
			<key>shellScript</key>
			<string>"${SRCROOT}/Pods/Target Support Files/Pods-FBSnapshotTestCase tvOS Tests/Pods-FBSnapshotTestCase tvOS Tests-resources.sh"
</string>
			<key>showEnvVarsInLog</key>
			<string>0</string>
		</dict>
		<key>C27D2E47DEDBC31B2E987545</key>
		<dict>
			<key>buildActionMask</key>
			<string>2147483647</string>
			<key>files</key>
			<array/>
			<key>inputPaths</key>
			<array/>
			<key>isa</key>
			<string>PBXShellScriptBuildPhase</string>
			<key>name</key>
			<string>Check Pods Manifest.lock</string>
			<key>outputPaths</key>
			<array/>
			<key>runOnlyForDeploymentPostprocessing</key>
			<string>0</string>
			<key>shellPath</key>
			<string>/bin/sh</string>
			<key>shellScript</key>
			<string>diff "${PODS_ROOT}/../Podfile.lock" "${PODS_ROOT}/Manifest.lock" &gt; /dev/null
if [[ $? != 0 ]] ; then
    cat &lt;&lt; EOM
error: The sandbox is not in sync with the Podfile.lock. Run 'pod install' or update your CocoaPods installation.
EOM
    exit 1
fi
</string>
			<key>showEnvVarsInLog</key>
			<string>0</string>
		</dict>
		<key>D1F58ECB6BC974D4F96EA62C</key>
		<dict>
			<key>includeInIndex</key>
			<string>1</string>
			<key>isa</key>
			<string>PBXFileReference</string>
			<key>lastKnownFileType</key>
			<string>text.xcconfig</string>
			<key>name</key>
			<string>Pods-FBSnapshotTestCase tvOS Tests.debug.xcconfig</string>
			<key>path</key>
			<string>Pods/Target Support Files/Pods-FBSnapshotTestCase tvOS Tests/Pods-FBSnapshotTestCase tvOS Tests.debug.xcconfig</string>
			<key>sourceTree</key>
			<string>&lt;group&gt;</string>
		</dict>
		<key>E5C2CD611B1F399A00669887</key>
		<dict>
			<key>isa</key>
			<string>PBXFileReference</string>
			<key>lastKnownFileType</key>
			<string>image.png</string>
			<key>path</key>
			<string>square_with_pixel.png</string>
			<key>sourceTree</key>
			<string>&lt;group&gt;</string>
		</dict>
		<key>E5C2CD621B1F399A00669887</key>
		<dict>
			<key>fileRef</key>
			<string>E5C2CD611B1F399A00669887</string>
			<key>isa</key>
			<string>PBXBuildFile</string>
		</dict>
		<key>E86729FA5E509466E447B947</key>
		<dict>
			<key>includeInIndex</key>
			<string>1</string>
			<key>isa</key>
			<string>PBXFileReference</string>
			<key>lastKnownFileType</key>
			<string>text.xcconfig</string>
			<key>name</key>
			<string>Pods-FBSnapshotTestCase iOS Tests.release.xcconfig</string>
			<key>path</key>
			<string>Pods/Target Support Files/Pods-FBSnapshotTestCase iOS Tests/Pods-FBSnapshotTestCase iOS Tests.release.xcconfig</string>
			<key>sourceTree</key>
			<string>&lt;group&gt;</string>
		</dict>
		<key>EC739ADF10E3FE2EAC5B0DF6</key>
		<dict>
			<key>children</key>
			<array>
				<string>1CFDF5C21FCDFC335D7EACEB</string>
				<string>E86729FA5E509466E447B947</string>
				<string>D1F58ECB6BC974D4F96EA62C</string>
				<string>96EC86FCE79CCB1C6E3AF7E7</string>
			</array>
			<key>isa</key>
			<string>PBXGroup</string>
			<key>name</key>
			<string>Pods</string>
			<key>sourceTree</key>
			<string>&lt;group&gt;</string>
		</dict>
		<key>F0D698F41B204E120005CAC9</key>
		<dict>
			<key>fileEncoding</key>
			<string>4</string>
			<key>isa</key>
			<string>PBXFileReference</string>
			<key>lastKnownFileType</key>
			<string>sourcecode.swift</string>
			<key>path</key>
			<string>SwiftSupport.swift</string>
			<key>sourceTree</key>
			<string>&lt;group&gt;</string>
		</dict>
		<key>F0D698F51B204E120005CAC9</key>
		<dict>
			<key>fileRef</key>
			<string>F0D698F41B204E120005CAC9</string>
			<key>isa</key>
			<string>PBXBuildFile</string>
		</dict>
		<key>F57C92149A864CD4E711CA7A</key>
		<dict>
			<key>buildActionMask</key>
			<string>2147483647</string>
			<key>files</key>
			<array/>
			<key>inputPaths</key>
			<array/>
			<key>isa</key>
			<string>PBXShellScriptBuildPhase</string>
			<key>name</key>
			<string>Check Pods Manifest.lock</string>
			<key>outputPaths</key>
			<array/>
			<key>runOnlyForDeploymentPostprocessing</key>
			<string>0</string>
			<key>shellPath</key>
			<string>/bin/sh</string>
			<key>shellScript</key>
			<string>diff "${PODS_ROOT}/../Podfile.lock" "${PODS_ROOT}/Manifest.lock" &gt; /dev/null
if [[ $? != 0 ]] ; then
    cat &lt;&lt; EOM
error: The sandbox is not in sync with the Podfile.lock. Run 'pod install' or update your CocoaPods installation.
EOM
    exit 1
fi
</string>
			<key>showEnvVarsInLog</key>
			<string>0</string>
		</dict>
	</dict>
	<key>rootObject</key>
	<string>B31987E71AB782D000B0A900</string>
</dict>
</plist>
